# THIS IS AN AUTOGENERATED FILE. DO NOT EDIT THIS FILE DIRECTLY.
# yarn lockfile v1


async-limiter@~1.0.0:
  version "1.0.0"
  resolved "https://registry.yarnpkg.com/async-limiter/-/async-limiter-1.0.0.tgz#78faed8c3d074ab81f22b4e985d79e8738f720f8"

discord.js@^11.3.0:
  version "11.3.0"
  resolved "https://registry.yarnpkg.com/discord.js/-/discord.js-11.3.0.tgz#0d3e2ae12846e4e002bdbdfe3cb265e2bf24bf32"
  dependencies:
    long "^3.2.0"
    prism-media "^0.0.1"
    snekfetch "^3.6.1"
    tweetnacl "^1.0.0"
    ws "^4.0.0"

long@^3.2.0:
  version "3.2.0"
  resolved "https://registry.yarnpkg.com/long/-/long-3.2.0.tgz#d821b7138ca1cb581c172990ef14db200b5c474b"

prism-media@^0.0.1:
  version "0.0.1"
  resolved "https://registry.yarnpkg.com/prism-media/-/prism-media-0.0.1.tgz#a3425c9cabd50d1c6c02e543941a11895667bd10"

safe-buffer@~5.1.0:
  version "5.1.1"
  resolved "https://registry.yarnpkg.com/safe-buffer/-/safe-buffer-5.1.1.tgz#893312af69b2123def71f57889001671eeb2c853"

snekfetch@^3.6.1:
  version "3.6.1"
  resolved "https://registry.yarnpkg.com/snekfetch/-/snekfetch-3.6.1.tgz#9b77fa946cfa15c7041940593a2689dc547427ea"

tweetnacl@^1.0.0:
  version "1.0.0"
  resolved "https://registry.yarnpkg.com/tweetnacl/-/tweetnacl-1.0.0.tgz#713d8b818da42068740bf68386d0479e66fc8a7b"

ultron@~1.1.0:
  version "1.1.1"
  resolved "https://registry.yarnpkg.com/ultron/-/ultron-1.1.1.tgz#9fe1536a10a664a65266a1e3ccf85fd36302bc9c"

ws@^4.0.0:
  version "4.0.0"
  resolved "https://registry.yarnpkg.com/ws/-/ws-4.0.0.tgz#bfe1da4c08eeb9780b986e0e4d10eccd7345999f"
  dependencies:
    async-limiter "~1.0.0"
    safe-buffer "~5.1.0"
    ultron "~1.1.0"
